// !$*UTF8*$!
{
	archiveVersion = 1;
	classes = {
	};
	objectVersion = 56;
	objects = {

/* Begin PBXBuildFile section */
		FD22042A2A7A70F3009E7CB9 /* ImagesListCell.swift in Sources */ = {isa = PBXBuildFile; fileRef = FD2204292A7A70F3009E7CB9 /* ImagesListCell.swift */; };
		FD2CF4DE2AA355250021FFC6 /* OAuth2Service.swift in Sources */ = {isa = PBXBuildFile; fileRef = FD2CF4DD2AA355250021FFC6 /* OAuth2Service.swift */; };
		FD34E6592A9B665800851120 /* AuthViewController.swift in Sources */ = {isa = PBXBuildFile; fileRef = FD34E6582A9B665800851120 /* AuthViewController.swift */; };
		FD34E65C2A9B68F300851120 /* WebViewViewController.swift in Sources */ = {isa = PBXBuildFile; fileRef = FD34E65B2A9B68F300851120 /* WebViewViewController.swift */; };
		FD9A4F6B2A89418A00C93547 /* ProfileViewController.swift in Sources */ = {isa = PBXBuildFile; fileRef = FD9A4F6A2A89418A00C93547 /* ProfileViewController.swift */; };
		FDAA47662AA4995900C54035 /* OAuthTokenResponseBody.swift in Sources */ = {isa = PBXBuildFile; fileRef = FDAA47652AA4995900C54035 /* OAuthTokenResponseBody.swift */; };
		FDC1114F2A77EA7300591356 /* AppDelegate.swift in Sources */ = {isa = PBXBuildFile; fileRef = FDC1114E2A77EA7300591356 /* AppDelegate.swift */; };
		FDC111512A77EA7300591356 /* SceneDelegate.swift in Sources */ = {isa = PBXBuildFile; fileRef = FDC111502A77EA7300591356 /* SceneDelegate.swift */; };
		FDC111532A77EA7300591356 /* ImagesListViewController.swift in Sources */ = {isa = PBXBuildFile; fileRef = FDC111522A77EA7300591356 /* ImagesListViewController.swift */; };
		FDC111562A77EA7300591356 /* Main.storyboard in Resources */ = {isa = PBXBuildFile; fileRef = FDC111542A77EA7300591356 /* Main.storyboard */; };
		FDC111582A77EA7400591356 /* Assets.xcassets in Resources */ = {isa = PBXBuildFile; fileRef = FDC111572A77EA7400591356 /* Assets.xcassets */; };
		FDC1115B2A77EA7400591356 /* LaunchScreen.storyboard in Resources */ = {isa = PBXBuildFile; fileRef = FDC111592A77EA7400591356 /* LaunchScreen.storyboard */; };
		FDC111662A77EA7400591356 /* ImageFeedTests.swift in Sources */ = {isa = PBXBuildFile; fileRef = FDC111652A77EA7400591356 /* ImageFeedTests.swift */; };
		FDC111702A77EA7400591356 /* ImageFeedUITests.swift in Sources */ = {isa = PBXBuildFile; fileRef = FDC1116F2A77EA7400591356 /* ImageFeedUITests.swift */; };
		FDC111722A77EA7400591356 /* ImageFeedUITestsLaunchTests.swift in Sources */ = {isa = PBXBuildFile; fileRef = FDC111712A77EA7400591356 /* ImageFeedUITestsLaunchTests.swift */; };
		FDD217362AA9FC8200E1A540 /* URLRequest+Extensions.swift in Sources */ = {isa = PBXBuildFile; fileRef = FDD217352AA9FC8200E1A540 /* URLRequest+Extensions.swift */; };
		FDD217382AA9FCCC00E1A540 /* URLSession+Extensions.swift in Sources */ = {isa = PBXBuildFile; fileRef = FDD217372AA9FCCC00E1A540 /* URLSession+Extensions.swift */; };
		FDD2173B2AAA1E3B00E1A540 /* SplashViewController.swift in Sources */ = {isa = PBXBuildFile; fileRef = FDD2173A2AAA1E3B00E1A540 /* SplashViewController.swift */; };
		FDD2173E2AAA579200E1A540 /* OAuth2TokenStorage.swift in Sources */ = {isa = PBXBuildFile; fileRef = FDD2173D2AAA579200E1A540 /* OAuth2TokenStorage.swift */; };
		FDD3AA812AAF4411003753B9 /* ProgressHUD in Frameworks */ = {isa = PBXBuildFile; productRef = FDD3AA802AAF4411003753B9 /* ProgressHUD */; };
		FDF3AFC92A9A65E2007052DF /* Constants.swift in Sources */ = {isa = PBXBuildFile; fileRef = FDF3AFC82A9A65E2007052DF /* Constants.swift */; };
		FDFE54FF2A8BE8D700541A7E /* SingleImageViewController.swift in Sources */ = {isa = PBXBuildFile; fileRef = FDFE54FE2A8BE8D700541A7E /* SingleImageViewController.swift */; };
/* End PBXBuildFile section */

/* Begin PBXContainerItemProxy section */
		FDC111622A77EA7400591356 /* PBXContainerItemProxy */ = {
			isa = PBXContainerItemProxy;
			containerPortal = FDC111432A77EA7300591356 /* Project object */;
			proxyType = 1;
			remoteGlobalIDString = FDC1114A2A77EA7300591356;
			remoteInfo = ImageFeed;
		};
		FDC1116C2A77EA7400591356 /* PBXContainerItemProxy */ = {
			isa = PBXContainerItemProxy;
			containerPortal = FDC111432A77EA7300591356 /* Project object */;
			proxyType = 1;
			remoteGlobalIDString = FDC1114A2A77EA7300591356;
			remoteInfo = ImageFeed;
		};
/* End PBXContainerItemProxy section */

/* Begin PBXFileReference section */
		FD2204292A7A70F3009E7CB9 /* ImagesListCell.swift */ = {isa = PBXFileReference; lastKnownFileType = sourcecode.swift; path = ImagesListCell.swift; sourceTree = "<group>"; };
		FD2CF4DD2AA355250021FFC6 /* OAuth2Service.swift */ = {isa = PBXFileReference; lastKnownFileType = sourcecode.swift; path = OAuth2Service.swift; sourceTree = "<group>"; };
		FD34E6582A9B665800851120 /* AuthViewController.swift */ = {isa = PBXFileReference; lastKnownFileType = sourcecode.swift; path = AuthViewController.swift; sourceTree = "<group>"; };
		FD34E65B2A9B68F300851120 /* WebViewViewController.swift */ = {isa = PBXFileReference; lastKnownFileType = sourcecode.swift; path = WebViewViewController.swift; sourceTree = "<group>"; };
		FD9A4F6A2A89418A00C93547 /* ProfileViewController.swift */ = {isa = PBXFileReference; lastKnownFileType = sourcecode.swift; path = ProfileViewController.swift; sourceTree = "<group>"; };
		FDAA47652AA4995900C54035 /* OAuthTokenResponseBody.swift */ = {isa = PBXFileReference; lastKnownFileType = sourcecode.swift; path = OAuthTokenResponseBody.swift; sourceTree = "<group>"; };
		FDC1114B2A77EA7300591356 /* ImageFeed.app */ = {isa = PBXFileReference; explicitFileType = wrapper.application; includeInIndex = 0; path = ImageFeed.app; sourceTree = BUILT_PRODUCTS_DIR; };
		FDC1114E2A77EA7300591356 /* AppDelegate.swift */ = {isa = PBXFileReference; lastKnownFileType = sourcecode.swift; path = AppDelegate.swift; sourceTree = "<group>"; };
		FDC111502A77EA7300591356 /* SceneDelegate.swift */ = {isa = PBXFileReference; lastKnownFileType = sourcecode.swift; path = SceneDelegate.swift; sourceTree = "<group>"; };
		FDC111522A77EA7300591356 /* ImagesListViewController.swift */ = {isa = PBXFileReference; lastKnownFileType = sourcecode.swift; path = ImagesListViewController.swift; sourceTree = "<group>"; };
		FDC111552A77EA7300591356 /* Base */ = {isa = PBXFileReference; lastKnownFileType = file.storyboard; name = Base; path = Base.lproj/Main.storyboard; sourceTree = "<group>"; };
		FDC111572A77EA7400591356 /* Assets.xcassets */ = {isa = PBXFileReference; lastKnownFileType = folder.assetcatalog; path = Assets.xcassets; sourceTree = "<group>"; };
		FDC1115A2A77EA7400591356 /* Base */ = {isa = PBXFileReference; lastKnownFileType = file.storyboard; name = Base; path = Base.lproj/LaunchScreen.storyboard; sourceTree = "<group>"; };
		FDC1115C2A77EA7400591356 /* Info.plist */ = {isa = PBXFileReference; lastKnownFileType = text.plist.xml; path = Info.plist; sourceTree = "<group>"; };
		FDC111612A77EA7400591356 /* ImageFeedTests.xctest */ = {isa = PBXFileReference; explicitFileType = wrapper.cfbundle; includeInIndex = 0; path = ImageFeedTests.xctest; sourceTree = BUILT_PRODUCTS_DIR; };
		FDC111652A77EA7400591356 /* ImageFeedTests.swift */ = {isa = PBXFileReference; lastKnownFileType = sourcecode.swift; path = ImageFeedTests.swift; sourceTree = "<group>"; };
		FDC1116B2A77EA7400591356 /* ImageFeedUITests.xctest */ = {isa = PBXFileReference; explicitFileType = wrapper.cfbundle; includeInIndex = 0; path = ImageFeedUITests.xctest; sourceTree = BUILT_PRODUCTS_DIR; };
		FDC1116F2A77EA7400591356 /* ImageFeedUITests.swift */ = {isa = PBXFileReference; lastKnownFileType = sourcecode.swift; path = ImageFeedUITests.swift; sourceTree = "<group>"; };
		FDC111712A77EA7400591356 /* ImageFeedUITestsLaunchTests.swift */ = {isa = PBXFileReference; lastKnownFileType = sourcecode.swift; path = ImageFeedUITestsLaunchTests.swift; sourceTree = "<group>"; };
		FDD217352AA9FC8200E1A540 /* URLRequest+Extensions.swift */ = {isa = PBXFileReference; lastKnownFileType = sourcecode.swift; path = "URLRequest+Extensions.swift"; sourceTree = "<group>"; };
		FDD217372AA9FCCC00E1A540 /* URLSession+Extensions.swift */ = {isa = PBXFileReference; lastKnownFileType = sourcecode.swift; path = "URLSession+Extensions.swift"; sourceTree = "<group>"; };
		FDD2173A2AAA1E3B00E1A540 /* SplashViewController.swift */ = {isa = PBXFileReference; lastKnownFileType = sourcecode.swift; path = SplashViewController.swift; sourceTree = "<group>"; };
		FDD2173D2AAA579200E1A540 /* OAuth2TokenStorage.swift */ = {isa = PBXFileReference; lastKnownFileType = sourcecode.swift; path = OAuth2TokenStorage.swift; sourceTree = "<group>"; };
		FDF3AFC82A9A65E2007052DF /* Constants.swift */ = {isa = PBXFileReference; lastKnownFileType = sourcecode.swift; path = Constants.swift; sourceTree = "<group>"; };
		FDFE54FE2A8BE8D700541A7E /* SingleImageViewController.swift */ = {isa = PBXFileReference; lastKnownFileType = sourcecode.swift; path = SingleImageViewController.swift; sourceTree = "<group>"; };
/* End PBXFileReference section */

/* Begin PBXFrameworksBuildPhase section */
		FDC111482A77EA7300591356 /* Frameworks */ = {
			isa = PBXFrameworksBuildPhase;
			buildActionMask = 2147483647;
			files = (
				FDD3AA812AAF4411003753B9 /* ProgressHUD in Frameworks */,
			);
			runOnlyForDeploymentPostprocessing = 0;
		};
		FDC1115E2A77EA7400591356 /* Frameworks */ = {
			isa = PBXFrameworksBuildPhase;
			buildActionMask = 2147483647;
			files = (
			);
			runOnlyForDeploymentPostprocessing = 0;
		};
		FDC111682A77EA7400591356 /* Frameworks */ = {
			isa = PBXFrameworksBuildPhase;
			buildActionMask = 2147483647;
			files = (
			);
			runOnlyForDeploymentPostprocessing = 0;
		};
/* End PBXFrameworksBuildPhase section */

/* Begin PBXGroup section */
		FD2204282A7A70CD009E7CB9 /* ImagesList */ = {
			isa = PBXGroup;
			children = (
				FDC111522A77EA7300591356 /* ImagesListViewController.swift */,
				FD2204292A7A70F3009E7CB9 /* ImagesListCell.swift */,
			);
			path = ImagesList;
			sourceTree = "<group>";
		};
		FD34E65A2A9B66A500851120 /* Auth */ = {
			isa = PBXGroup;
			children = (
				FD34E6582A9B665800851120 /* AuthViewController.swift */,
				FD34E65B2A9B68F300851120 /* WebViewViewController.swift */,
			);
			path = Auth;
			sourceTree = "<group>";
		};
		FD9A4F692A89414A00C93547 /* Profile */ = {
			isa = PBXGroup;
			children = (
				FD9A4F6A2A89418A00C93547 /* ProfileViewController.swift */,
			);
			path = Profile;
			sourceTree = "<group>";
		};
		FDAA47642AA4993C00C54035 /* Models */ = {
			isa = PBXGroup;
			children = (
				FDAA47652AA4995900C54035 /* OAuthTokenResponseBody.swift */,
			);
			path = Models;
			sourceTree = "<group>";
		};
		FDC111422A77EA7300591356 = {
			isa = PBXGroup;
			children = (
				FDC1114D2A77EA7300591356 /* ImageFeed */,
				FDC111642A77EA7400591356 /* ImageFeedTests */,
				FDC1116E2A77EA7400591356 /* ImageFeedUITests */,
				FDC1114C2A77EA7300591356 /* Products */,
			);
			sourceTree = "<group>";
		};
		FDC1114C2A77EA7300591356 /* Products */ = {
			isa = PBXGroup;
			children = (
				FDC1114B2A77EA7300591356 /* ImageFeed.app */,
				FDC111612A77EA7400591356 /* ImageFeedTests.xctest */,
				FDC1116B2A77EA7400591356 /* ImageFeedUITests.xctest */,
			);
			name = Products;
			sourceTree = "<group>";
		};
		FDC1114D2A77EA7300591356 /* ImageFeed */ = {
			isa = PBXGroup;
			children = (
				FDC1114E2A77EA7300591356 /* AppDelegate.swift */,
				FDC111502A77EA7300591356 /* SceneDelegate.swift */,
				FDF3AFC82A9A65E2007052DF /* Constants.swift */,
				FDAA47642AA4993C00C54035 /* Models */,
				FDD2173C2AAA576000E1A540 /* Services */,
				FD34E65A2A9B66A500851120 /* Auth */,
				FDD217392AAA1D9D00E1A540 /* SplashViewController */,
				FD9A4F692A89414A00C93547 /* Profile */,
				FD2204282A7A70CD009E7CB9 /* ImagesList */,
				FDFE55002A8BEFE500541A7E /* SingleImage */,
				FDC111542A77EA7300591356 /* Main.storyboard */,
				FDC111572A77EA7400591356 /* Assets.xcassets */,
				FDC111592A77EA7400591356 /* LaunchScreen.storyboard */,
				FDC1115C2A77EA7400591356 /* Info.plist */,
				FDD217302AA9FB6F00E1A540 /* Helpers */,
			);
			path = ImageFeed;
			sourceTree = "<group>";
		};
		FDC111642A77EA7400591356 /* ImageFeedTests */ = {
			isa = PBXGroup;
			children = (
				FDC111652A77EA7400591356 /* ImageFeedTests.swift */,
			);
			path = ImageFeedTests;
			sourceTree = "<group>";
		};
		FDC1116E2A77EA7400591356 /* ImageFeedUITests */ = {
			isa = PBXGroup;
			children = (
				FDC1116F2A77EA7400591356 /* ImageFeedUITests.swift */,
				FDC111712A77EA7400591356 /* ImageFeedUITestsLaunchTests.swift */,
			);
			path = ImageFeedUITests;
			sourceTree = "<group>";
		};
		FDD217302AA9FB6F00E1A540 /* Helpers */ = {
			isa = PBXGroup;
			children = (
				FDD217352AA9FC8200E1A540 /* URLRequest+Extensions.swift */,
				FDD217372AA9FCCC00E1A540 /* URLSession+Extensions.swift */,
			);
			path = Helpers;
			sourceTree = "<group>";
		};
		FDD217392AAA1D9D00E1A540 /* SplashViewController */ = {
			isa = PBXGroup;
			children = (
				FDD2173A2AAA1E3B00E1A540 /* SplashViewController.swift */,
			);
			path = SplashViewController;
			sourceTree = "<group>";
		};
		FDD2173C2AAA576000E1A540 /* Services */ = {
			isa = PBXGroup;
			children = (
				FD2CF4DD2AA355250021FFC6 /* OAuth2Service.swift */,
				FDD2173D2AAA579200E1A540 /* OAuth2TokenStorage.swift */,
			);
			path = Services;
			sourceTree = "<group>";
		};
		FDFE55002A8BEFE500541A7E /* SingleImage */ = {
			isa = PBXGroup;
			children = (
				FDFE54FE2A8BE8D700541A7E /* SingleImageViewController.swift */,
			);
			path = SingleImage;
			sourceTree = "<group>";
		};
/* End PBXGroup section */

/* Begin PBXNativeTarget section */
		FDC1114A2A77EA7300591356 /* ImageFeed */ = {
			isa = PBXNativeTarget;
			buildConfigurationList = FDC111752A77EA7400591356 /* Build configuration list for PBXNativeTarget "ImageFeed" */;
			buildPhases = (
				FDC111472A77EA7300591356 /* Sources */,
				FDC111482A77EA7300591356 /* Frameworks */,
				FDC111492A77EA7300591356 /* Resources */,
			);
			buildRules = (
			);
			dependencies = (
			);
			name = ImageFeed;
			packageProductDependencies = (
				FDD3AA802AAF4411003753B9 /* ProgressHUD */,
			);
			productName = ImageFeed;
			productReference = FDC1114B2A77EA7300591356 /* ImageFeed.app */;
			productType = "com.apple.product-type.application";
		};
		FDC111602A77EA7400591356 /* ImageFeedTests */ = {
			isa = PBXNativeTarget;
			buildConfigurationList = FDC111782A77EA7400591356 /* Build configuration list for PBXNativeTarget "ImageFeedTests" */;
			buildPhases = (
				FDC1115D2A77EA7400591356 /* Sources */,
				FDC1115E2A77EA7400591356 /* Frameworks */,
				FDC1115F2A77EA7400591356 /* Resources */,
			);
			buildRules = (
			);
			dependencies = (
				FDC111632A77EA7400591356 /* PBXTargetDependency */,
			);
			name = ImageFeedTests;
			productName = ImageFeedTests;
			productReference = FDC111612A77EA7400591356 /* ImageFeedTests.xctest */;
			productType = "com.apple.product-type.bundle.unit-test";
		};
		FDC1116A2A77EA7400591356 /* ImageFeedUITests */ = {
			isa = PBXNativeTarget;
			buildConfigurationList = FDC1117B2A77EA7400591356 /* Build configuration list for PBXNativeTarget "ImageFeedUITests" */;
			buildPhases = (
				FDC111672A77EA7400591356 /* Sources */,
				FDC111682A77EA7400591356 /* Frameworks */,
				FDC111692A77EA7400591356 /* Resources */,
			);
			buildRules = (
			);
			dependencies = (
				FDC1116D2A77EA7400591356 /* PBXTargetDependency */,
			);
			name = ImageFeedUITests;
			productName = ImageFeedUITests;
			productReference = FDC1116B2A77EA7400591356 /* ImageFeedUITests.xctest */;
			productType = "com.apple.product-type.bundle.ui-testing";
		};
/* End PBXNativeTarget section */

/* Begin PBXProject section */
		FDC111432A77EA7300591356 /* Project object */ = {
			isa = PBXProject;
			attributes = {
				BuildIndependentTargetsInParallel = 1;
				LastSwiftUpdateCheck = 1420;
				LastUpgradeCheck = 1420;
				TargetAttributes = {
					FDC1114A2A77EA7300591356 = {
						CreatedOnToolsVersion = 14.2;
					};
					FDC111602A77EA7400591356 = {
						CreatedOnToolsVersion = 14.2;
						TestTargetID = FDC1114A2A77EA7300591356;
					};
					FDC1116A2A77EA7400591356 = {
						CreatedOnToolsVersion = 14.2;
						TestTargetID = FDC1114A2A77EA7300591356;
					};
				};
			};
			buildConfigurationList = FDC111462A77EA7300591356 /* Build configuration list for PBXProject "ImageFeed" */;
			compatibilityVersion = "Xcode 14.0";
			developmentRegion = en;
			hasScannedForEncodings = 0;
			knownRegions = (
				en,
				Base,
			);
			mainGroup = FDC111422A77EA7300591356;
			packageReferences = (
				FDD3AA7F2AAF4411003753B9 /* XCRemoteSwiftPackageReference "ProgressHUD" */,
			);
			productRefGroup = FDC1114C2A77EA7300591356 /* Products */;
			projectDirPath = "";
			projectRoot = "";
			targets = (
				FDC1114A2A77EA7300591356 /* ImageFeed */,
				FDC111602A77EA7400591356 /* ImageFeedTests */,
				FDC1116A2A77EA7400591356 /* ImageFeedUITests */,
			);
		};
/* End PBXProject section */

/* Begin PBXResourcesBuildPhase section */
		FDC111492A77EA7300591356 /* Resources */ = {
			isa = PBXResourcesBuildPhase;
			buildActionMask = 2147483647;
			files = (
				FDC1115B2A77EA7400591356 /* LaunchScreen.storyboard in Resources */,
				FDC111582A77EA7400591356 /* Assets.xcassets in Resources */,
				FDC111562A77EA7300591356 /* Main.storyboard in Resources */,
			);
			runOnlyForDeploymentPostprocessing = 0;
		};
		FDC1115F2A77EA7400591356 /* Resources */ = {
			isa = PBXResourcesBuildPhase;
			buildActionMask = 2147483647;
			files = (
			);
			runOnlyForDeploymentPostprocessing = 0;
		};
		FDC111692A77EA7400591356 /* Resources */ = {
			isa = PBXResourcesBuildPhase;
			buildActionMask = 2147483647;
			files = (
			);
			runOnlyForDeploymentPostprocessing = 0;
		};
/* End PBXResourcesBuildPhase section */

/* Begin PBXSourcesBuildPhase section */
		FDC111472A77EA7300591356 /* Sources */ = {
			isa = PBXSourcesBuildPhase;
			buildActionMask = 2147483647;
			files = (
				FDC111532A77EA7300591356 /* ImagesListViewController.swift in Sources */,
				FD22042A2A7A70F3009E7CB9 /* ImagesListCell.swift in Sources */,
				FD9A4F6B2A89418A00C93547 /* ProfileViewController.swift in Sources */,
				FDC1114F2A77EA7300591356 /* AppDelegate.swift in Sources */,
				FDAA47662AA4995900C54035 /* OAuthTokenResponseBody.swift in Sources */,
				FDD2173B2AAA1E3B00E1A540 /* SplashViewController.swift in Sources */,
				FD34E6592A9B665800851120 /* AuthViewController.swift in Sources */,
				FDD217382AA9FCCC00E1A540 /* URLSession+Extensions.swift in Sources */,
				FDF3AFC92A9A65E2007052DF /* Constants.swift in Sources */,
				FDFE54FF2A8BE8D700541A7E /* SingleImageViewController.swift in Sources */,
				FD34E65C2A9B68F300851120 /* WebViewViewController.swift in Sources */,
				FDD217362AA9FC8200E1A540 /* URLRequest+Extensions.swift in Sources */,
				FDD2173E2AAA579200E1A540 /* OAuth2TokenStorage.swift in Sources */,
				FD2CF4DE2AA355250021FFC6 /* OAuth2Service.swift in Sources */,
				FDC111512A77EA7300591356 /* SceneDelegate.swift in Sources */,
			);
			runOnlyForDeploymentPostprocessing = 0;
		};
		FDC1115D2A77EA7400591356 /* Sources */ = {
			isa = PBXSourcesBuildPhase;
			buildActionMask = 2147483647;
			files = (
				FDC111662A77EA7400591356 /* ImageFeedTests.swift in Sources */,
			);
			runOnlyForDeploymentPostprocessing = 0;
		};
		FDC111672A77EA7400591356 /* Sources */ = {
			isa = PBXSourcesBuildPhase;
			buildActionMask = 2147483647;
			files = (
				FDC111722A77EA7400591356 /* ImageFeedUITestsLaunchTests.swift in Sources */,
				FDC111702A77EA7400591356 /* ImageFeedUITests.swift in Sources */,
			);
			runOnlyForDeploymentPostprocessing = 0;
		};
/* End PBXSourcesBuildPhase section */

/* Begin PBXTargetDependency section */
		FDC111632A77EA7400591356 /* PBXTargetDependency */ = {
			isa = PBXTargetDependency;
			target = FDC1114A2A77EA7300591356 /* ImageFeed */;
			targetProxy = FDC111622A77EA7400591356 /* PBXContainerItemProxy */;
		};
		FDC1116D2A77EA7400591356 /* PBXTargetDependency */ = {
			isa = PBXTargetDependency;
			target = FDC1114A2A77EA7300591356 /* ImageFeed */;
			targetProxy = FDC1116C2A77EA7400591356 /* PBXContainerItemProxy */;
		};
/* End PBXTargetDependency section */

/* Begin PBXVariantGroup section */
		FDC111542A77EA7300591356 /* Main.storyboard */ = {
			isa = PBXVariantGroup;
			children = (
				FDC111552A77EA7300591356 /* Base */,
			);
			name = Main.storyboard;
			sourceTree = "<group>";
		};
		FDC111592A77EA7400591356 /* LaunchScreen.storyboard */ = {
			isa = PBXVariantGroup;
			children = (
				FDC1115A2A77EA7400591356 /* Base */,
			);
			name = LaunchScreen.storyboard;
			sourceTree = "<group>";
		};
/* End PBXVariantGroup section */

/* Begin XCBuildConfiguration section */
		FDC111732A77EA7400591356 /* Debug */ = {
			isa = XCBuildConfiguration;
			buildSettings = {
				ALWAYS_SEARCH_USER_PATHS = NO;
				CLANG_ANALYZER_NONNULL = YES;
				CLANG_ANALYZER_NUMBER_OBJECT_CONVERSION = YES_AGGRESSIVE;
				CLANG_CXX_LANGUAGE_STANDARD = "gnu++20";
				CLANG_ENABLE_MODULES = YES;
				CLANG_ENABLE_OBJC_ARC = YES;
				CLANG_ENABLE_OBJC_WEAK = YES;
				CLANG_WARN_BLOCK_CAPTURE_AUTORELEASING = YES;
				CLANG_WARN_BOOL_CONVERSION = YES;
				CLANG_WARN_COMMA = YES;
				CLANG_WARN_CONSTANT_CONVERSION = YES;
				CLANG_WARN_DEPRECATED_OBJC_IMPLEMENTATIONS = YES;
				CLANG_WARN_DIRECT_OBJC_ISA_USAGE = YES_ERROR;
				CLANG_WARN_DOCUMENTATION_COMMENTS = YES;
				CLANG_WARN_EMPTY_BODY = YES;
				CLANG_WARN_ENUM_CONVERSION = YES;
				CLANG_WARN_INFINITE_RECURSION = YES;
				CLANG_WARN_INT_CONVERSION = YES;
				CLANG_WARN_NON_LITERAL_NULL_CONVERSION = YES;
				CLANG_WARN_OBJC_IMPLICIT_RETAIN_SELF = YES;
				CLANG_WARN_OBJC_LITERAL_CONVERSION = YES;
				CLANG_WARN_OBJC_ROOT_CLASS = YES_ERROR;
				CLANG_WARN_QUOTED_INCLUDE_IN_FRAMEWORK_HEADER = YES;
				CLANG_WARN_RANGE_LOOP_ANALYSIS = YES;
				CLANG_WARN_STRICT_PROTOTYPES = YES;
				CLANG_WARN_SUSPICIOUS_MOVE = YES;
				CLANG_WARN_UNGUARDED_AVAILABILITY = YES_AGGRESSIVE;
				CLANG_WARN_UNREACHABLE_CODE = YES;
				CLANG_WARN__DUPLICATE_METHOD_MATCH = YES;
				COPY_PHASE_STRIP = NO;
				DEBUG_INFORMATION_FORMAT = dwarf;
				ENABLE_STRICT_OBJC_MSGSEND = YES;
				ENABLE_TESTABILITY = YES;
				GCC_C_LANGUAGE_STANDARD = gnu11;
				GCC_DYNAMIC_NO_PIC = NO;
				GCC_NO_COMMON_BLOCKS = YES;
				GCC_OPTIMIZATION_LEVEL = 0;
				GCC_PREPROCESSOR_DEFINITIONS = (
					"DEBUG=1",
					"$(inherited)",
				);
				GCC_WARN_64_TO_32_BIT_CONVERSION = YES;
				GCC_WARN_ABOUT_RETURN_TYPE = YES_ERROR;
				GCC_WARN_UNDECLARED_SELECTOR = YES;
				GCC_WARN_UNINITIALIZED_AUTOS = YES_AGGRESSIVE;
				GCC_WARN_UNUSED_FUNCTION = YES;
				GCC_WARN_UNUSED_VARIABLE = YES;
				IPHONEOS_DEPLOYMENT_TARGET = 16.2;
				MTL_ENABLE_DEBUG_INFO = INCLUDE_SOURCE;
				MTL_FAST_MATH = YES;
				ONLY_ACTIVE_ARCH = YES;
				SDKROOT = iphoneos;
				SWIFT_ACTIVE_COMPILATION_CONDITIONS = DEBUG;
				SWIFT_OPTIMIZATION_LEVEL = "-Onone";
			};
			name = Debug;
		};
		FDC111742A77EA7400591356 /* Release */ = {
			isa = XCBuildConfiguration;
			buildSettings = {
				ALWAYS_SEARCH_USER_PATHS = NO;
				CLANG_ANALYZER_NONNULL = YES;
				CLANG_ANALYZER_NUMBER_OBJECT_CONVERSION = YES_AGGRESSIVE;
				CLANG_CXX_LANGUAGE_STANDARD = "gnu++20";
				CLANG_ENABLE_MODULES = YES;
				CLANG_ENABLE_OBJC_ARC = YES;
				CLANG_ENABLE_OBJC_WEAK = YES;
				CLANG_WARN_BLOCK_CAPTURE_AUTORELEASING = YES;
				CLANG_WARN_BOOL_CONVERSION = YES;
				CLANG_WARN_COMMA = YES;
				CLANG_WARN_CONSTANT_CONVERSION = YES;
				CLANG_WARN_DEPRECATED_OBJC_IMPLEMENTATIONS = YES;
				CLANG_WARN_DIRECT_OBJC_ISA_USAGE = YES_ERROR;
				CLANG_WARN_DOCUMENTATION_COMMENTS = YES;
				CLANG_WARN_EMPTY_BODY = YES;
				CLANG_WARN_ENUM_CONVERSION = YES;
				CLANG_WARN_INFINITE_RECURSION = YES;
				CLANG_WARN_INT_CONVERSION = YES;
				CLANG_WARN_NON_LITERAL_NULL_CONVERSION = YES;
				CLANG_WARN_OBJC_IMPLICIT_RETAIN_SELF = YES;
				CLANG_WARN_OBJC_LITERAL_CONVERSION = YES;
				CLANG_WARN_OBJC_ROOT_CLASS = YES_ERROR;
				CLANG_WARN_QUOTED_INCLUDE_IN_FRAMEWORK_HEADER = YES;
				CLANG_WARN_RANGE_LOOP_ANALYSIS = YES;
				CLANG_WARN_STRICT_PROTOTYPES = YES;
				CLANG_WARN_SUSPICIOUS_MOVE = YES;
				CLANG_WARN_UNGUARDED_AVAILABILITY = YES_AGGRESSIVE;
				CLANG_WARN_UNREACHABLE_CODE = YES;
				CLANG_WARN__DUPLICATE_METHOD_MATCH = YES;
				COPY_PHASE_STRIP = NO;
				DEBUG_INFORMATION_FORMAT = "dwarf-with-dsym";
				ENABLE_NS_ASSERTIONS = NO;
				ENABLE_STRICT_OBJC_MSGSEND = YES;
				GCC_C_LANGUAGE_STANDARD = gnu11;
				GCC_NO_COMMON_BLOCKS = YES;
				GCC_WARN_64_TO_32_BIT_CONVERSION = YES;
				GCC_WARN_ABOUT_RETURN_TYPE = YES_ERROR;
				GCC_WARN_UNDECLARED_SELECTOR = YES;
				GCC_WARN_UNINITIALIZED_AUTOS = YES_AGGRESSIVE;
				GCC_WARN_UNUSED_FUNCTION = YES;
				GCC_WARN_UNUSED_VARIABLE = YES;
				IPHONEOS_DEPLOYMENT_TARGET = 16.2;
				MTL_ENABLE_DEBUG_INFO = NO;
				MTL_FAST_MATH = YES;
				SDKROOT = iphoneos;
				SWIFT_COMPILATION_MODE = wholemodule;
				SWIFT_OPTIMIZATION_LEVEL = "-O";
				VALIDATE_PRODUCT = YES;
			};
			name = Release;
		};
		FDC111762A77EA7400591356 /* Debug */ = {
			isa = XCBuildConfiguration;
			buildSettings = {
				ASSETCATALOG_COMPILER_APPICON_NAME = AppIcon;
				ASSETCATALOG_COMPILER_GLOBAL_ACCENT_COLOR_NAME = AccentColor;
				CODE_SIGN_STYLE = Automatic;
				CURRENT_PROJECT_VERSION = 1;
				DEVELOPMENT_TEAM = 4PHSLA8XUS;
				GENERATE_INFOPLIST_FILE = YES;
				INFOPLIST_FILE = ImageFeed/Info.plist;
				INFOPLIST_KEY_UIApplicationSupportsIndirectInputEvents = YES;
				INFOPLIST_KEY_UILaunchStoryboardName = LaunchScreen;
				INFOPLIST_KEY_UIMainStoryboardFile = Main;
				INFOPLIST_KEY_UIStatusBarStyle = UIStatusBarStyleLightContent;
				INFOPLIST_KEY_UISupportedInterfaceOrientations = UIInterfaceOrientationPortrait;
				INFOPLIST_KEY_UISupportedInterfaceOrientations_iPad = "UIInterfaceOrientationLandscapeLeft UIInterfaceOrientationLandscapeRight UIInterfaceOrientationPortrait UIInterfaceOrientationPortraitUpsideDown";
				IPHONEOS_DEPLOYMENT_TARGET = 13.0;
				LD_RUNPATH_SEARCH_PATHS = (
					"$(inherited)",
					"@executable_path/Frameworks",
				);
				MARKETING_VERSION = 1.0;
				PRODUCT_BUNDLE_IDENTIFIER = ru.yandex.practicum.ImageFeed;
				PRODUCT_NAME = "$(TARGET_NAME)";
				SUPPORTED_PLATFORMS = "iphoneos iphonesimulator";
				SUPPORTS_MACCATALYST = NO;
				SUPPORTS_MAC_DESIGNED_FOR_IPHONE_IPAD = YES;
				SWIFT_EMIT_LOC_STRINGS = YES;
				SWIFT_VERSION = 5.0;
				TARGETED_DEVICE_FAMILY = 1;
			};
			name = Debug;
		};
		FDC111772A77EA7400591356 /* Release */ = {
			isa = XCBuildConfiguration;
			buildSettings = {
				ASSETCATALOG_COMPILER_APPICON_NAME = AppIcon;
				ASSETCATALOG_COMPILER_GLOBAL_ACCENT_COLOR_NAME = AccentColor;
				CODE_SIGN_STYLE = Automatic;
				CURRENT_PROJECT_VERSION = 1;
				DEVELOPMENT_TEAM = 4PHSLA8XUS;
				GENERATE_INFOPLIST_FILE = YES;
				INFOPLIST_FILE = ImageFeed/Info.plist;
				INFOPLIST_KEY_UIApplicationSupportsIndirectInputEvents = YES;
				INFOPLIST_KEY_UILaunchStoryboardName = LaunchScreen;
				INFOPLIST_KEY_UIMainStoryboardFile = Main;
				INFOPLIST_KEY_UIStatusBarStyle = UIStatusBarStyleLightContent;
				INFOPLIST_KEY_UISupportedInterfaceOrientations = UIInterfaceOrientationPortrait;
				INFOPLIST_KEY_UISupportedInterfaceOrientations_iPad = "UIInterfaceOrientationLandscapeLeft UIInterfaceOrientationLandscapeRight UIInterfaceOrientationPortrait UIInterfaceOrientationPortraitUpsideDown";
				IPHONEOS_DEPLOYMENT_TARGET = 13.0;
				LD_RUNPATH_SEARCH_PATHS = (
					"$(inherited)",
					"@executable_path/Frameworks",
				);
				MARKETING_VERSION = 1.0;
				PRODUCT_BUNDLE_IDENTIFIER = ru.yandex.practicum.ImageFeed;
				PRODUCT_NAME = "$(TARGET_NAME)";
				SUPPORTED_PLATFORMS = "iphoneos iphonesimulator";
				SUPPORTS_MACCATALYST = NO;
				SUPPORTS_MAC_DESIGNED_FOR_IPHONE_IPAD = YES;
				SWIFT_EMIT_LOC_STRINGS = YES;
				SWIFT_VERSION = 5.0;
				TARGETED_DEVICE_FAMILY = 1;
			};
			name = Release;
		};
		FDC111792A77EA7400591356 /* Debug */ = {
			isa = XCBuildConfiguration;
			buildSettings = {
				ALWAYS_EMBED_SWIFT_STANDARD_LIBRARIES = YES;
				BUNDLE_LOADER = "$(TEST_HOST)";
				CODE_SIGN_STYLE = Automatic;
				CURRENT_PROJECT_VERSION = 1;
				DEVELOPMENT_TEAM = 4PHSLA8XUS;
				GENERATE_INFOPLIST_FILE = YES;
				IPHONEOS_DEPLOYMENT_TARGET = 16.2;
				MARKETING_VERSION = 1.0;
				PRODUCT_BUNDLE_IDENTIFIER = ru.yandex.practicum.ImageFeedTests;
				PRODUCT_NAME = "$(TARGET_NAME)";
				SWIFT_EMIT_LOC_STRINGS = NO;
				SWIFT_VERSION = 5.0;
				TARGETED_DEVICE_FAMILY = "1,2";
				TEST_HOST = "$(BUILT_PRODUCTS_DIR)/ImageFeed.app/$(BUNDLE_EXECUTABLE_FOLDER_PATH)/ImageFeed";
			};
			name = Debug;
		};
		FDC1117A2A77EA7400591356 /* Release */ = {
			isa = XCBuildConfiguration;
			buildSettings = {
				ALWAYS_EMBED_SWIFT_STANDARD_LIBRARIES = YES;
				BUNDLE_LOADER = "$(TEST_HOST)";
				CODE_SIGN_STYLE = Automatic;
				CURRENT_PROJECT_VERSION = 1;
				DEVELOPMENT_TEAM = 4PHSLA8XUS;
				GENERATE_INFOPLIST_FILE = YES;
				IPHONEOS_DEPLOYMENT_TARGET = 16.2;
				MARKETING_VERSION = 1.0;
				PRODUCT_BUNDLE_IDENTIFIER = ru.yandex.practicum.ImageFeedTests;
				PRODUCT_NAME = "$(TARGET_NAME)";
				SWIFT_EMIT_LOC_STRINGS = NO;
				SWIFT_VERSION = 5.0;
				TARGETED_DEVICE_FAMILY = "1,2";
				TEST_HOST = "$(BUILT_PRODUCTS_DIR)/ImageFeed.app/$(BUNDLE_EXECUTABLE_FOLDER_PATH)/ImageFeed";
			};
			name = Release;
		};
		FDC1117C2A77EA7400591356 /* Debug */ = {
			isa = XCBuildConfiguration;
			buildSettings = {
				ALWAYS_EMBED_SWIFT_STANDARD_LIBRARIES = YES;
				CODE_SIGN_STYLE = Automatic;
				CURRENT_PROJECT_VERSION = 1;
				DEVELOPMENT_TEAM = 4PHSLA8XUS;
				GENERATE_INFOPLIST_FILE = YES;
				MARKETING_VERSION = 1.0;
				PRODUCT_BUNDLE_IDENTIFIER = ru.yandex.practicum.ImageFeedUITests;
				PRODUCT_NAME = "$(TARGET_NAME)";
				SWIFT_EMIT_LOC_STRINGS = NO;
				SWIFT_VERSION = 5.0;
				TARGETED_DEVICE_FAMILY = "1,2";
				TEST_TARGET_NAME = ImageFeed;
			};
			name = Debug;
		};
		FDC1117D2A77EA7400591356 /* Release */ = {
			isa = XCBuildConfiguration;
			buildSettings = {
				ALWAYS_EMBED_SWIFT_STANDARD_LIBRARIES = YES;
				CODE_SIGN_STYLE = Automatic;
				CURRENT_PROJECT_VERSION = 1;
				DEVELOPMENT_TEAM = 4PHSLA8XUS;
				GENERATE_INFOPLIST_FILE = YES;
				MARKETING_VERSION = 1.0;
				PRODUCT_BUNDLE_IDENTIFIER = ru.yandex.practicum.ImageFeedUITests;
				PRODUCT_NAME = "$(TARGET_NAME)";
				SWIFT_EMIT_LOC_STRINGS = NO;
				SWIFT_VERSION = 5.0;
				TARGETED_DEVICE_FAMILY = "1,2";
				TEST_TARGET_NAME = ImageFeed;
			};
			name = Release;
		};
/* End XCBuildConfiguration section */

/* Begin XCConfigurationList section */
		FDC111462A77EA7300591356 /* Build configuration list for PBXProject "ImageFeed" */ = {
			isa = XCConfigurationList;
			buildConfigurations = (
				FDC111732A77EA7400591356 /* Debug */,
				FDC111742A77EA7400591356 /* Release */,
			);
			defaultConfigurationIsVisible = 0;
			defaultConfigurationName = Release;
		};
		FDC111752A77EA7400591356 /* Build configuration list for PBXNativeTarget "ImageFeed" */ = {
			isa = XCConfigurationList;
			buildConfigurations = (
				FDC111762A77EA7400591356 /* Debug */,
				FDC111772A77EA7400591356 /* Release */,
			);
			defaultConfigurationIsVisible = 0;
			defaultConfigurationName = Release;
		};
		FDC111782A77EA7400591356 /* Build configuration list for PBXNativeTarget "ImageFeedTests" */ = {
			isa = XCConfigurationList;
			buildConfigurations = (
				FDC111792A77EA7400591356 /* Debug */,
				FDC1117A2A77EA7400591356 /* Release */,
			);
			defaultConfigurationIsVisible = 0;
			defaultConfigurationName = Release;
		};
		FDC1117B2A77EA7400591356 /* Build configuration list for PBXNativeTarget "ImageFeedUITests" */ = {
			isa = XCConfigurationList;
			buildConfigurations = (
				FDC1117C2A77EA7400591356 /* Debug */,
				FDC1117D2A77EA7400591356 /* Release */,
			);
			defaultConfigurationIsVisible = 0;
			defaultConfigurationName = Release;
		};
/* End XCConfigurationList section */

/* Begin XCRemoteSwiftPackageReference section */
		FDD3AA7F2AAF4411003753B9 /* XCRemoteSwiftPackageReference "ProgressHUD" */ = {
			isa = XCRemoteSwiftPackageReference;
			repositoryURL = "https://github.com/relatedcode/ProgressHUD";
			requirement = {
				kind = upToNextMajorVersion;
				minimumVersion = 13.0.0;
			};
		};
/* End XCRemoteSwiftPackageReference section */

/* Begin XCSwiftPackageProductDependency section */
		FDD3AA802AAF4411003753B9 /* ProgressHUD */ = {
			isa = XCSwiftPackageProductDependency;
			package = FDD3AA7F2AAF4411003753B9 /* XCRemoteSwiftPackageReference "ProgressHUD" */;
			productName = ProgressHUD;
		};
/* End XCSwiftPackageProductDependency section */
	};
	rootObject = FDC111432A77EA7300591356 /* Project object */;
}
